<?xml version="1.0" encoding="utf-8"?>
<Project ToolsVersion="4.0" xmlns="http://schemas.microsoft.com/developer/msbuild/2003">
  <ItemGroup>
    <Filter Include="소스 파일">
      <UniqueIdentifier>{4FC737F1-C7A5-4376-A066-2A32D752A2FF}</UniqueIdentifier>
      <Extensions>cpp;c;cc;cxx;c++;cppm;ixx;def;odl;idl;hpj;bat;asm;asmx</Extensions>
    </Filter>
    <Filter Include="헤더 파일">
      <UniqueIdentifier>{93995380-89BD-4b04-88EB-625FBE52EBFB}</UniqueIdentifier>
      <Extensions>h;hh;hpp;hxx;h++;hm;inl;inc;ipp;xsd</Extensions>
    </Filter>
    <Filter Include="리소스 파일">
      <UniqueIdentifier>{67DA6AB6-F800-4c08-8B7A-83BB121AAD01}</UniqueIdentifier>
      <Extensions>rc;ico;cur;bmp;dlg;rc2;rct;bin;rgs;gif;jpg;jpeg;jpe;resx;tiff;tif;png;wav;mfcribbon-ms</Extensions>
    </Filter>
    <Filter Include="소스 파일\Level1">
      <UniqueIdentifier>{5751cf9f-b324-4faa-8d37-e69b227b0192}</UniqueIdentifier>
    </Filter>
    <Filter Include="소스 파일\Level2">
      <UniqueIdentifier>{ce19b0ee-19b1-4e74-9822-ed1a64555f1e}</UniqueIdentifier>
    </Filter>
    <Filter Include="소스 파일\Level3">
      <UniqueIdentifier>{c00d1055-a497-461c-81c0-bf77a212c95b}</UniqueIdentifier>
    </Filter>
  </ItemGroup>
  <ItemGroup>
    <ClCompile Include="바탕화면정리.cpp">
      <Filter>소스 파일\Level1</Filter>
    </ClCompile>
    <ClCompile Include="대충만든자판.cpp">
      <Filter>소스 파일\Level1</Filter>
    </ClCompile>
    <ClCompile Include="약수의 합.cpp">
      <Filter>소스 파일\Level1</Filter>
    </ClCompile>
    <ClCompile Include="짝수와 홀수.cpp">
      <Filter>소스 파일\Level1</Filter>
    </ClCompile>
    <ClCompile Include="평균 구하기.cpp">
      <Filter>소스 파일\Level1</Filter>
    </ClCompile>
    <ClCompile Include="성격유형검사하기.cpp">
      <Filter>소스 파일\Level1</Filter>
    </ClCompile>
    <ClCompile Include="신고결과받기.cpp">
      <Filter>소스 파일\Level1</Filter>
    </ClCompile>
    <ClCompile Include="키패드누르기.cpp">
      <Filter>소스 파일\Level1</Filter>
    </ClCompile>
    <ClCompile Include="메뉴 리뉴얼.cpp">
      <Filter>소스 파일\Level2</Filter>
    </ClCompile>
    <ClCompile Include="순위검색.cpp">
      <Filter>소스 파일\Level2</Filter>
    </ClCompile>
    <ClCompile Include="합승 택시 요금.cpp">
      <Filter>소스 파일\Level3</Filter>
    </ClCompile>
    <ClCompile Include="정수 삼각형.cpp">
      <Filter>소스 파일\Level3</Filter>
    </ClCompile>
    <ClCompile Include="이진 변환 반복하기.cpp">
      <Filter>소스 파일\Level2</Filter>
    </ClCompile>
    <ClCompile Include="다음 큰 숫자.cpp">
      <Filter>소스 파일\Level2</Filter>
    </ClCompile>
    <ClCompile Include="짝지어 제거하기.cpp">
      <Filter>소스 파일\Level2</Filter>
    </ClCompile>
    <ClCompile Include="귤 고르기.cpp">
      <Filter>소스 파일\Level2</Filter>
    </ClCompile>
    <ClCompile Include="연속 부분 수열 합의 개수.cpp">
      <Filter>소스 파일\Level2</Filter>
    </ClCompile>
    <ClCompile Include="제일 작은 수 제거하기.cpp">
      <Filter>소스 파일\Level1</Filter>
    </ClCompile>
    <ClCompile Include="가운데 글자 가져오기.cpp">
      <Filter>소스 파일\Level1</Filter>
    </ClCompile>
    <ClCompile Include="자릿수 더하기.cpp">
      <Filter>소스 파일\Level1</Filter>
    </ClCompile>
    <ClCompile Include="나머지가 1이 되는 수 찾기.cpp">
      <Filter>소스 파일\Level1</Filter>
    </ClCompile>
    <ClCompile Include="x만큼 간격이 있는 n개의 숫자.cpp">
      <Filter>소스 파일\Level1</Filter>
    </ClCompile>
    <ClCompile Include="문자열 내 p와 y의 개수.cpp">
      <Filter>소스 파일\Level1</Filter>
    </ClCompile>
    <ClCompile Include="자연수 뒤집어 배열로 만들기.cpp">
      <Filter>소스 파일\Level1</Filter>
    </ClCompile>
    <ClCompile Include="정수 제곱근 판별.cpp">
      <Filter>소스 파일\Level1</Filter>
    </ClCompile>
    <ClCompile Include="문자열을 정수로 바꾸기.cpp">
      <Filter>소스 파일\Level1</Filter>
    </ClCompile>
    <ClCompile Include="정수 내림차순으로 배치하기.cpp">
      <Filter>소스 파일\Level1</Filter>
    </ClCompile>
    <ClCompile Include="하샤드 수.cpp">
      <Filter>소스 파일\Level1</Filter>
    </ClCompile>
    <ClCompile Include="두 정수 사이의 합.cpp">
      <Filter>소스 파일\Level1</Filter>
    </ClCompile>
    <ClCompile Include="콜라츠 추측.cpp">
      <Filter>소스 파일\Level1</Filter>
    </ClCompile>
    <ClCompile Include="서울에서 김서방 찾기.cpp">
      <Filter>소스 파일\Level1</Filter>
    </ClCompile>
    <ClCompile Include="나누어 떨어지는 숫자 배열.cpp">
      <Filter>소스 파일\Level1</Filter>
    </ClCompile>
    <ClCompile Include="핸드폰 번호 가리기.cpp">
      <Filter>소스 파일\Level1</Filter>
    </ClCompile>
    <ClCompile Include="음양 더하기.cpp">
      <Filter>소스 파일\Level1</Filter>
    </ClCompile>
    <ClCompile Include="없는 숫자 더하기.cpp">
      <Filter>소스 파일\Level1</Filter>
    </ClCompile>
    <ClCompile Include="수박수박수박수박수박수.cpp">
      <Filter>소스 파일\Level1</Filter>
    </ClCompile>
    <ClCompile Include="내적.cpp">
      <Filter>소스 파일\Level1</Filter>
    </ClCompile>
    <ClCompile Include="문자열 내림차순으로 배치하기.cpp">
      <Filter>소스 파일\Level1</Filter>
    </ClCompile>
    <ClCompile Include="약수의 개수와 덧셈.cpp">
      <Filter>소스 파일\Level1</Filter>
    </ClCompile>
    <ClCompile Include="부족한 금액 계산하기.cpp">
      <Filter>소스 파일\Level1</Filter>
    </ClCompile>
    <ClCompile Include="문자열 다루기 기본.cpp">
      <Filter>소스 파일\Level1</Filter>
    </ClCompile>
    <ClCompile Include="행렬의 덧셈.cpp">
      <Filter>소스 파일\Level1</Filter>
    </ClCompile>
    <ClCompile Include="직사각형 별찍기.cpp">
      <Filter>소스 파일\Level1</Filter>
    </ClCompile>
    <ClCompile Include="최대공약수와 최소공배수.cpp">
      <Filter>소스 파일\Level1</Filter>
    </ClCompile>
    <ClCompile Include="3진법 뒤집기.cpp">
      <Filter>소스 파일\Level1</Filter>
    </ClCompile>
    <ClCompile Include="이상한 문자 만들기.cpp">
      <Filter>소스 파일\Level1</Filter>
    </ClCompile>
    <ClCompile Include="예산.cpp">
      <Filter>소스 파일\Level1</Filter>
    </ClCompile>
    <ClCompile Include="시저 암호.cpp">
      <Filter>소스 파일\Level1</Filter>
    </ClCompile>
    <ClCompile Include="같은 숫자는 싫어.cpp">
      <Filter>소스 파일\Level1</Filter>
    </ClCompile>
    <ClCompile Include="삼총사.cpp">
      <Filter>소스 파일\Level1</Filter>
    </ClCompile>
    <ClCompile Include="문자열 내 마음대로 정렬하기.cpp">
      <Filter>소스 파일\Level1</Filter>
    </ClCompile>
    <ClCompile Include="[1차] 비밀지도.cpp">
      <Filter>소스 파일\Level1</Filter>
    </ClCompile>
    <ClCompile Include="K번째수.cpp">
      <Filter>소스 파일\Level1</Filter>
    </ClCompile>
    <ClCompile Include="두 개 뽑아서 더하기.cpp">
      <Filter>소스 파일\Level1</Filter>
    </ClCompile>
    <ClCompile Include="콜라문제.cpp">
      <Filter>소스 파일\Level1</Filter>
    </ClCompile>
    <ClCompile Include="최소직사각형.cpp">
      <Filter>소스 파일\Level1</Filter>
    </ClCompile>
    <ClCompile Include="푸드 파이터 대회.cpp">
      <Filter>소스 파일\Level1</Filter>
    </ClCompile>
    <ClCompile Include="가장 가까운 같은 글자.cpp">
      <Filter>소스 파일\Level1</Filter>
    </ClCompile>
    <ClCompile Include="2016년.cpp">
      <Filter>소스 파일\Level1</Filter>
    </ClCompile>
    <ClCompile Include="추억점수.cpp">
      <Filter>소스 파일\Level1</Filter>
    </ClCompile>
    <ClCompile Include="폰켓몬.cpp">
      <Filter>소스 파일\Level1</Filter>
    </ClCompile>
    <ClCompile Include="카펫.cpp">
      <Filter>소스 파일\Level2</Filter>
    </ClCompile>
    <ClCompile Include="기사단원의 무기.cpp">
      <Filter>소스 파일\Level1</Filter>
    </ClCompile>
    <ClCompile Include="모의고사.cpp">
      <Filter>소스 파일\Level1</Filter>
    </ClCompile>
    <ClCompile Include="명예의 전당(1).cpp">
      <Filter>소스 파일\Level1</Filter>
    </ClCompile>
    <ClCompile Include="과일장수.cpp">
      <Filter>소스 파일\Level1</Filter>
    </ClCompile>
    <ClCompile Include="로또의 최고 순위와 최저 순위.cpp">
      <Filter>소스 파일\Level1</Filter>
    </ClCompile>
    <ClCompile Include="기능개발.cpp">
      <Filter>소스 파일\Level2</Filter>
    </ClCompile>
    <ClCompile Include="할인 행사.cpp">
      <Filter>소스 파일\Level2</Filter>
    </ClCompile>
    <ClCompile Include="체육복.cpp">
      <Filter>소스 파일\Level1</Filter>
    </ClCompile>
    <ClCompile Include="숫자 문자열과 영단어.cpp">
      <Filter>소스 파일\Level1</Filter>
    </ClCompile>
    <ClCompile Include="소수 찾기.cpp">
      <Filter>소스 파일\Level1</Filter>
    </ClCompile>
    <ClCompile Include="소수 만들기.cpp">
      <Filter>소스 파일\Level1</Filter>
    </ClCompile>
    <ClCompile Include="실패율.cpp">
      <Filter>소스 파일\Level1</Filter>
    </ClCompile>
    <ClCompile Include="[1차] 다트 게임.cpp">
      <Filter>소스 파일\Level1</Filter>
    </ClCompile>
    <ClCompile Include="덧칠하기.cpp">
      <Filter>소스 파일\Level1</Filter>
    </ClCompile>
    <ClCompile Include="숫자 짝궁.cpp">
      <Filter>소스 파일\Level1</Filter>
    </ClCompile>
    <ClCompile Include="최댓값과 최솟값.cpp">
      <Filter>소스 파일\Level2</Filter>
    </ClCompile>
    <ClCompile Include="완주하지 못한 선수.cpp">
      <Filter>소스 파일\Level1</Filter>
    </ClCompile>
    <ClCompile Include="크레인 인형뽑기 게임.cpp">
      <Filter>소스 파일\Level1</Filter>
    </ClCompile>
    <ClCompile Include="피보나치 수.cpp">
      <Filter>소스 파일\Level2</Filter>
    </ClCompile>
    <ClCompile Include="숫자의 표현.cpp">
      <Filter>소스 파일\Level2</Filter>
    </ClCompile>
    <ClCompile Include="신고 결과 받기.cpp">
      <Filter>소스 파일\Level1</Filter>
    </ClCompile>
    <ClCompile Include="문자열 나누기.cpp">
      <Filter>소스 파일\Level1</Filter>
    </ClCompile>
    <ClCompile Include="[카카오 인턴] 키패드 누르기.cpp">
      <Filter>소스 파일\Level1</Filter>
    </ClCompile>
    <ClCompile Include="둘만의 암호.cpp">
      <Filter>소스 파일\Level1</Filter>
    </ClCompile>
    <ClCompile Include="공원 산책.cpp">
      <Filter>소스 파일\Level1</Filter>
    </ClCompile>
    <ClCompile Include="달리기 경주.cpp">
      <Filter>소스 파일\Level1</Filter>
    </ClCompile>
    <ClCompile Include="영어 끝말잇기.cpp">
      <Filter>소스 파일\Level2</Filter>
    </ClCompile>
    <ClCompile Include="스킬트리.cpp">
      <Filter>소스 파일\Level2</Filter>
    </ClCompile>
    <ClCompile Include="[3차] n진수 게임.cpp">
      <Filter>소스 파일\Level2</Filter>
    </ClCompile>
    <ClCompile Include="구명보트.cpp">
      <Filter>소스 파일\Level2</Filter>
    </ClCompile>
    <ClCompile Include="예상 대진표.cpp">
      <Filter>소스 파일\Level2</Filter>
    </ClCompile>
    <ClCompile Include="멀리 뛰기.cpp">
      <Filter>소스 파일\Level2</Filter>
    </ClCompile>
    <ClCompile Include="H-Index.cpp">
      <Filter>소스 파일\Level2</Filter>
    </ClCompile>
    <ClCompile Include="주식가격.cpp">
      <Filter>소스 파일\Level2</Filter>
    </ClCompile>
    <ClCompile Include="뒤에 있는 큰 수 찾기.cpp">
      <Filter>소스 파일\Level2</Filter>
    </ClCompile>
    <ClCompile Include="피로도.cpp">
      <Filter>소스 파일\Level2</Filter>
    </ClCompile>
    <ClCompile Include="N개의 최소공배수.cpp">
      <Filter>소스 파일\Level2</Filter>
    </ClCompile>
    <ClCompile Include="프로세스.cpp">
      <Filter>소스 파일\Level2</Filter>
    </ClCompile>
    <ClCompile Include="땅따먹기.cpp">
      <Filter>소스 파일\Level2</Filter>
    </ClCompile>
    <ClCompile Include="택배상자.cpp">
      <Filter>소스 파일\Level2</Filter>
    </ClCompile>
    <ClCompile Include="튜플.cpp">
      <Filter>소스 파일\Level2</Filter>
    </ClCompile>
    <ClCompile Include="[1차] 캐시.cpp">
      <Filter>소스 파일\Level2</Filter>
    </ClCompile>
    <ClCompile Include="전화번호 목록.cpp">
      <Filter>소스 파일\Level2</Filter>
    </ClCompile>
    <ClCompile Include="더 맵게.cpp">
      <Filter>소스 파일\Level2</Filter>
    </ClCompile>
    <ClCompile Include="124 나라의 숫자.cpp">
      <Filter>소스 파일\Level2</Filter>
    </ClCompile>
    <ClCompile Include="[3차] 파일명 정렬.cpp">
      <Filter>소스 파일\Level2</Filter>
    </ClCompile>
    <ClCompile Include="[3차] 압축.cpp">
      <Filter>소스 파일\Level2</Filter>
    </ClCompile>
    <ClCompile Include="가장 큰 수.cpp">
      <Filter>소스 파일\Level2</Filter>
    </ClCompile>
    <ClCompile Include="연속된 부분 수열의 합.cpp">
      <Filter>소스 파일\Level2</Filter>
    </ClCompile>
    <ClCompile Include="디펜스 게임.cpp">
      <Filter>소스 파일\Level2</Filter>
    </ClCompile>
    <ClCompile Include="두 큐 합 같게 만들기.cpp">
      <Filter>소스 파일\Level2</Filter>
    </ClCompile>
    <ClCompile Include="다리를 지나는 트럭.cpp">
      <Filter>소스 파일\Level2</Filter>
    </ClCompile>
    <ClCompile Include="마법의 엘리베이터.cpp">
      <Filter>소스 파일\Level2</Filter>
    </ClCompile>
    <ClCompile Include="후보키.cpp">
      <Filter>소스 파일\Level2</Filter>
    </ClCompile>
    <ClCompile Include="이중우선순위큐.cpp">
      <Filter>소스 파일\Level3</Filter>
    </ClCompile>
    <ClCompile Include="2 x n 타일링.cpp">
      <Filter>소스 파일\Level2</Filter>
    </ClCompile>
    <ClCompile Include="점 찍기.cpp">
      <Filter>소스 파일\Level2</Filter>
    </ClCompile>
    <ClCompile Include="야근 지수.cpp">
      <Filter>소스 파일\Level3</Filter>
    </ClCompile>
    <ClCompile Include="숫자 게임.cpp">
      <Filter>소스 파일\Level3</Filter>
    </ClCompile>
    <ClCompile Include="등굣길.cpp">
      <Filter>소스 파일\Level3</Filter>
    </ClCompile>
    <ClCompile Include="k진수에서 소수 개수 구하기.cpp">
      <Filter>소스 파일\Level2</Filter>
    </ClCompile>
    <ClCompile Include="n^2 배열 자르기.cpp">
      <Filter>소스 파일\Level2</Filter>
    </ClCompile>
    <ClCompile Include="행렬의 곱셈.cpp">
      <Filter>소스 파일\Level2</Filter>
    </ClCompile>
  </ItemGroup>
  <ItemGroup>
    <Text Include="note.txt">
      <Filter>소스 파일</Filter>
    </Text>
  </ItemGroup>
</Project>